
Microsoft Visual Studio Solution File, Format Version 12.00
# Visual Studio Version 17
VisualStudioVersion = 17.6.33815.320
MinimumVisualStudioVersion = 10.0.40219.1
Project("{9A19103F-16F7-4668-BE54-9A1E7A4F7556}") = "toeic-web", "toiec-web\toeic-web.csproj", "{22C2D38B-600A-4129-AA87-52FA915954E4}"
EndProject
Project("{9A19103F-16F7-4668-BE54-9A1E7A4F7556}") = "UnitTest", "UnitTest\UnitTest.csproj", "{BFAA5C48-9097-40E8-A1B5-5DBFDFCE8433}"
EndProject
Global
	GlobalSection(SolutionConfigurationPlatforms) = preSolution
		Debug|Any CPU = Debug|Any CPU
		Release|Any CPU = Release|Any CPU
	EndGlobalSection
	GlobalSection(ProjectConfigurationPlatforms) = postSolution
		{22C2D38B-600A-4129-AA87-52FA915954E4}.Debug|Any CPU.ActiveCfg = Debug|Any CPU
		{22C2D38B-600A-4129-AA87-52FA915954E4}.Debug|Any CPU.Build.0 = Debug|Any CPU
		{22C2D38B-600A-4129-AA87-52FA915954E4}.Release|Any CPU.ActiveCfg = Release|Any CPU
		{22C2D38B-600A-4129-AA87-52FA915954E4}.Release|Any CPU.Build.0 = Release|Any CPU
		{BFAA5C48-9097-40E8-A1B5-5DBFDFCE8433}.Debug|Any CPU.ActiveCfg = Debug|Any CPU
		{BFAA5C48-9097-40E8-A1B5-5DBFDFCE8433}.Debug|Any CPU.Build.0 = Debug|Any CPU
		{BFAA5C48-9097-40E8-A1B5-5DBFDFCE8433}.Release|Any CPU.ActiveCfg = Release|Any CPU
		{BFAA5C48-9097-40E8-A1B5-5DBFDFCE8433}.Release|Any CPU.Build.0 = Release|Any CPU
	EndGlobalSection
	GlobalSection(SolutionProperties) = preSolution
		HideSolutionNode = FALSE
	EndGlobalSection
	GlobalSection(ExtensibilityGlobals) = postSolution
		SolutionGuid = {145F5945-4929-4472-9C2F-284347AC5B03}
	EndGlobalSection
EndGlobal
